// !$*UTF8*$!
{
	archiveVersion = 1;
	classes = {
	};
	objectVersion = 46;
	objects = {

/* Begin PBXBuildFile section */
		3CDA7FD41E327071002F6900 /* main.m in Sources */ = {isa = PBXBuildFile; fileRef = 3CDA7FD31E327071002F6900 /* main.m */; };
		3CDA7FD71E327071002F6900 /* AppDelegate.m in Sources */ = {isa = PBXBuildFile; fileRef = 3CDA7FD61E327071002F6900 /* AppDelegate.m */; };
		3CDA7FDA1E327071002F6900 /* ViewController.m in Sources */ = {isa = PBXBuildFile; fileRef = 3CDA7FD91E327071002F6900 /* ViewController.m */; };
		3CDA7FDD1E327071002F6900 /* Main.storyboard in Resources */ = {isa = PBXBuildFile; fileRef = 3CDA7FDB1E327071002F6900 /* Main.storyboard */; };
		3CDA7FDF1E327071002F6900 /* Assets.xcassets in Resources */ = {isa = PBXBuildFile; fileRef = 3CDA7FDE1E327071002F6900 /* Assets.xcassets */; };
		3CDA7FE21E327071002F6900 /* LaunchScreen.storyboard in Resources */ = {isa = PBXBuildFile; fileRef = 3CDA7FE01E327071002F6900 /* LaunchScreen.storyboard */; };
		3CDA7FEB1E327373002F6900 /* TipModel.m in Sources */ = {isa = PBXBuildFile; fileRef = 3CDA7FEA1E327373002F6900 /* TipModel.m */; };
/* End PBXBuildFile section */

/* Begin PBXFileReference section */
		3CDA7FCF1E327071002F6900 /* TipCalculator.app */ = {isa = PBXFileReference; explicitFileType = wrapper.application; includeInIndex = 0; path = TipCalculator.app; sourceTree = BUILT_PRODUCTS_DIR; };
		3CDA7FD31E327071002F6900 /* main.m */ = {isa = PBXFileReference; lastKnownFileType = sourcecode.c.objc; path = main.m; sourceTree = "<group>"; };
		3CDA7FD51E327071002F6900 /* AppDelegate.h */ = {isa = PBXFileReference; lastKnownFileType = sourcecode.c.h; path = AppDelegate.h; sourceTree = "<group>"; };
		3CDA7FD61E327071002F6900 /* AppDelegate.m */ = {isa = PBXFileReference; lastKnownFileType = sourcecode.c.objc; path = AppDelegate.m; sourceTree = "<group>"; };
		3CDA7FD81E327071002F6900 /* ViewController.h */ = {isa = PBXFileReference; lastKnownFileType = sourcecode.c.h; path = ViewController.h; sourceTree = "<group>"; };
		3CDA7FD91E327071002F6900 /* ViewController.m */ = {isa = PBXFileReference; lastKnownFileType = sourcecode.c.objc; path = ViewController.m; sourceTree = "<group>"; };
		3CDA7FDC1E327071002F6900 /* Base */ = {isa = PBXFileReference; lastKnownFileType = file.storyboard; name = Base; path = Base.lproj/Main.storyboard; sourceTree = "<group>"; };
		3CDA7FDE1E327071002F6900 /* Assets.xcassets */ = {isa = PBXFileReference; lastKnownFileType = folder.assetcatalog; path = Assets.xcassets; sourceTree = "<group>"; };
		3CDA7FE11E327071002F6900 /* Base */ = {isa = PBXFileReference; lastKnownFileType = file.storyboard; name = Base; path = Base.lproj/LaunchScreen.storyboard; sourceTree = "<group>"; };
		3CDA7FE31E327071002F6900 /* Info.plist */ = {isa = PBXFileReference; lastKnownFileType = text.plist.xml; path = Info.plist; sourceTree = "<group>"; };
		3CDA7FE91E327373002F6900 /* TipModel.h */ = {isa = PBXFileReference; fileEncoding = 4; lastKnownFileType = sourcecode.c.h; path = TipModel.h; sourceTree = "<group>"; };
		3CDA7FEA1E327373002F6900 /* TipModel.m */ = {isa = PBXFileReference; fileEncoding = 4; lastKnownFileType = sourcecode.c.objc; path = TipModel.m; sourceTree = "<group>"; };
/* End PBXFileReference section */

/* Begin PBXFrameworksBuildPhase section */
		3CDA7FCC1E327071002F6900 /* Frameworks */ = {
			isa = PBXFrameworksBuildPhase;
			buildActionMask = 2147483647;
			files = (
			);
			runOnlyForDeploymentPostprocessing = 0;
		};
/* End PBXFrameworksBuildPhase section */

/* Begin PBXGroup section */
		3CDA7FC61E327071002F6900 = {
			isa = PBXGroup;
			children = (
				3CDA7FD11E327071002F6900 /* TipCalculator */,
				3CDA7FD01E327071002F6900 /* Products */,
			);
			sourceTree = "<group>";
		};
		3CDA7FD01E327071002F6900 /* Products */ = {
			isa = PBXGroup;
			children = (
				3CDA7FCF1E327071002F6900 /* TipCalculator.app */,
			);
			name = Products;
			sourceTree = "<group>";
		};
		3CDA7FD11E327071002F6900 /* TipCalculator */ = {
			isa = PBXGroup;
			children = (
				3CDA7FD51E327071002F6900 /* AppDelegate.h */,
				3CDA7FD61E327071002F6900 /* AppDelegate.m */,
				3CDA7FD81E327071002F6900 /* ViewController.h */,
				3CDA7FD91E327071002F6900 /* ViewController.m */,
				3CDA7FE91E327373002F6900 /* TipModel.h */,
				3CDA7FEA1E327373002F6900 /* TipModel.m */,
				3CDA7FDB1E327071002F6900 /* Main.storyboard */,
				3CDA7FDE1E327071002F6900 /* Assets.xcassets */,
				3CDA7FE01E327071002F6900 /* LaunchScreen.storyboard */,
				3CDA7FE31E327071002F6900 /* Info.plist */,
				3CDA7FD21E327071002F6900 /* Supporting Files */,
			);
			path = TipCalculator;
			sourceTree = "<group>";
		};
		3CDA7FD21E327071002F6900 /* Supporting Files */ = {
			isa = PBXGroup;
			children = (
				3CDA7FD31E327071002F6900 /* main.m */,
			);
			name = "Supporting Files";
			sourceTree = "<group>";
		};
/* End PBXGroup section */

/* Begin PBXNativeTarget section */
		3CDA7FCE1E327071002F6900 /* TipCalculator */ = {
			isa = PBXNativeTarget;
			buildConfigurationList = 3CDA7FE61E327071002F6900 /* Build configuration list for PBXNativeTarget "TipCalculator" */;
			buildPhases = (
				3CDA7FCB1E327071002F6900 /* Sources */,
				3CDA7FCC1E327071002F6900 /* Frameworks */,
				3CDA7FCD1E327071002F6900 /* Resources */,
			);
			buildRules = (
			);
			dependencies = (
			);
			name = TipCalculator;
			productName = TipCalculator;
			productReference = 3CDA7FCF1E327071002F6900 /* TipCalculator.app */;
			productType = "com.apple.product-type.application";
		};
/* End PBXNativeTarget section */

/* Begin PBXProject section */
		3CDA7FC71E327071002F6900 /* Project object */ = {
			isa = PBXProject;
			attributes = {
				LastUpgradeCheck = 0820;
				ORGANIZATIONNAME = Jonescr;
				TargetAttributes = {
					3CDA7FCE1E327071002F6900 = {
						CreatedOnToolsVersion = 8.2.1;
						ProvisioningStyle = Automatic;
					};
				};
			};
			buildConfigurationList = 3CDA7FCA1E327071002F6900 /* Build configuration list for PBXProject "TipCalculator" */;
			compatibilityVersion = "Xcode 3.2";
			developmentRegion = English;
			hasScannedForEncodings = 0;
			knownRegions = (
				en,
				Base,
			);
			mainGroup = 3CDA7FC61E327071002F6900;
			productRefGroup = 3CDA7FD01E327071002F6900 /* Products */;
			projectDirPath = "";
			projectRoot = "";
			targets = (
				3CDA7FCE1E327071002F6900 /* TipCalculator */,
			);
		};
/* End PBXProject section */

/* Begin PBXResourcesBuildPhase section */
		3CDA7FCD1E327071002F6900 /* Resources */ = {
			isa = PBXResourcesBuildPhase;
			buildActionMask = 2147483647;
			files = (
				3CDA7FE21E327071002F6900 /* LaunchScreen.storyboard in Resources */,
				3CDA7FDF1E327071002F6900 /* Assets.xcassets in Resources */,
				3CDA7FDD1E327071002F6900 /* Main.storyboard in Resources */,
			);
			runOnlyForDeploymentPostprocessing = 0;
		};
/* End PBXResourcesBuildPhase section */

/* Begin PBXSourcesBuildPhase section */
		3CDA7FCB1E327071002F6900 /* Sources */ = {
			isa = PBXSourcesBuildPhase;
			buildActionMask = 2147483647;
			files = (
				3CDA7FDA1E327071002F6900 /* ViewController.m in Sources */,
				3CDA7FD71E327071002F6900 /* AppDelegate.m in Sources */,
				3CDA7FD41E327071002F6900 /* main.m in Sources */,
				3CDA7FEB1E327373002F6900 /* TipModel.m in Sources */,
			);
			runOnlyForDeploymentPostprocessing = 0;
		};
/* End PBXSourcesBuildPhase section */

/* Begin PBXVariantGroup section */
		3CDA7FDB1E327071002F6900 /* Main.storyboard */ = {
			isa = PBXVariantGroup;
			children = (
				3CDA7FDC1E327071002F6900 /* Base */,
			);
			name = Main.storyboard;
			sourceTree = "<group>";
		};
		3CDA7FE01E327071002F6900 /* LaunchScreen.storyboard */ = {
			isa = PBXVariantGroup;
			children = (
				3CDA7FE11E327071002F6900 /* Base */,
			);
			name = LaunchScreen.storyboard;
			sourceTree = "<group>";
		};
/* End PBXVariantGroup section */

/* Begin XCBuildConfiguration section */
		3CDA7FE41E327071002F6900 /* Debug */ = {
			isa = XCBuildConfiguration;
			buildSettings = {
				ALWAYS_SEARCH_USER_PATHS = NO;
				CLANG_ANALYZER_NONNULL = YES;
				CLANG_CXX_LANGUAGE_STANDARD = "gnu++0x";
				CLANG_CXX_LIBRARY = "libc++";
				CLANG_ENABLE_MODULES = YES;
				CLANG_ENABLE_OBJC_ARC = YES;
				CLANG_WARN_BOOL_CONVERSION = YES;
				CLANG_WARN_CONSTANT_CONVERSION = YES;
				CLANG_WARN_DIRECT_OBJC_ISA_USAGE = YES_ERROR;
				CLANG_WARN_DOCUMENTATION_COMMENTS = YES;
				CLANG_WARN_EMPTY_BODY = YES;
				CLANG_WARN_ENUM_CONVERSION = YES;
				CLANG_WARN_INFINITE_RECURSION = YES;
				CLANG_WARN_INT_CONVERSION = YES;
				CLANG_WARN_OBJC_ROOT_CLASS = YES_ERROR;
				CLANG_WARN_SUSPICIOUS_MOVE = YES;
				CLANG_WARN_UNREACHABLE_CODE = YES;
				CLANG_WARN__DUPLICATE_METHOD_MATCH = YES;
				"CODE_SIGN_IDENTITY[sdk=iphoneos*]" = "iPhone Developer";
				COPY_PHASE_STRIP = NO;
				DEBUG_INFORMATION_FORMAT = dwarf;
				ENABLE_STRICT_OBJC_MSGSEND = YES;
				ENABLE_TESTABILITY = YES;
				GCC_C_LANGUAGE_STANDARD = gnu99;
				GCC_DYNAMIC_NO_PIC = NO;
				GCC_NO_COMMON_BLOCKS = YES;
				GCC_OPTIMIZATION_LEVEL = 0;
				GCC_PREPROCESSOR_DEFINITIONS = (
					"DEBUG=1",
					"$(inherited)",
				);
				GCC_WARN_64_TO_32_BIT_CONVERSION = YES;
				GCC_WARN_ABOUT_RETURN_TYPE = YES_ERROR;
				GCC_WARN_UNDECLARED_SELECTOR = YES;
				GCC_WARN_UNINITIALIZED_AUTOS = YES_AGGRESSIVE;
				GCC_WARN_UNUSED_FUNCTION = YES;
				GCC_WARN_UNUSED_VARIABLE = YES;
				IPHONEOS_DEPLOYMENT_TARGET = 10.2;
				MTL_ENABLE_DEBUG_INFO = YES;
				ONLY_ACTIVE_ARCH = YES;
				SDKROOT = iphoneos;
			};
			name = Debug;
		};
		3CDA7FE51E327071002F6900 /* Release */ = {
			isa = XCBuildConfiguration;
			buildSettings = {
				ALWAYS_SEARCH_USER_PATHS = NO;
				CLANG_ANALYZER_NONNULL = YES;
				CLANG_CXX_LANGUAGE_STANDARD = "gnu++0x";
				CLANG_CXX_LIBRARY = "libc++";
				CLANG_ENABLE_MODULES = YES;
				CLANG_ENABLE_OBJC_ARC = YES;
				CLANG_WARN_BOOL_CONVERSION = YES;
				CLANG_WARN_CONSTANT_CONVERSION = YES;
				CLANG_WARN_DIRECT_OBJC_ISA_USAGE = YES_ERROR;
				CLANG_WARN_DOCUMENTATION_COMMENTS = YES;
				CLANG_WARN_EMPTY_BODY = YES;
				CLANG_WARN_ENUM_CONVERSION = YES;
				CLANG_WARN_INFINITE_RECURSION = YES;
				CLANG_WARN_INT_CONVERSION = YES;
				CLANG_WARN_OBJC_ROOT_CLASS = YES_ERROR;
				CLANG_WARN_SUSPICIOUS_MOVE = YES;
				CLANG_WARN_UNREACHABLE_CODE = YES;
				CLANG_WARN__DUPLICATE_METHOD_MATCH = YES;
				"CODE_SIGN_IDENTITY[sdk=iphoneos*]" = "iPhone Developer";
				COPY_PHASE_STRIP = NO;
				DEBUG_INFORMATION_FORMAT = "dwarf-with-dsym";
				ENABLE_NS_ASSERTIONS = NO;
				ENABLE_STRICT_OBJC_MSGSEND = YES;
				GCC_C_LANGUAGE_STANDARD = gnu99;
				GCC_NO_COMMON_BLOCKS = YES;
				GCC_WARN_64_TO_32_BIT_CONVERSION = YES;
				GCC_WARN_ABOUT_RETURN_TYPE = YES_ERROR;
				GCC_WARN_UNDECLARED_SELECTOR = YES;
				GCC_WARN_UNINITIALIZED_AUTOS = YES_AGGRESSIVE;
				GCC_WARN_UNUSED_FUNCTION = YES;
				GCC_WARN_UNUSED_VARIABLE = YES;
				IPHONEOS_DEPLOYMENT_TARGET = 10.2;
				MTL_ENABLE_DEBUG_INFO = NO;
				SDKROOT = iphoneos;
				VALIDATE_PRODUCT = YES;
			};
			name = Release;
		};
		3CDA7FE71E327071002F6900 /* Debug */ = {
			isa = XCBuildConfiguration;
			buildSettings = {
				ASSETCATALOG_COMPILER_APPICON_NAME = AppIcon;
				INFOPLIST_FILE = TipCalculator/Info.plist;
				LD_RUNPATH_SEARCH_PATHS = "$(inherited) @executable_path/Frameworks";
				PRODUCT_BUNDLE_IDENTIFIER = CRJ.TipCalculator;
				PRODUCT_NAME = "$(TARGET_NAME)";
			};
			name = Debug;
		};
		3CDA7FE81E327071002F6900 /* Release */ = {
			isa = XCBuildConfiguration;
			buildSettings = {
				ASSETCATALOG_COMPILER_APPICON_NAME = AppIcon;
				INFOPLIST_FILE = TipCalculator/Info.plist;
				LD_RUNPATH_SEARCH_PATHS = "$(inherited) @executable_path/Frameworks";
				PRODUCT_BUNDLE_IDENTIFIER = CRJ.TipCalculator;
				PRODUCT_NAME = "$(TARGET_NAME)";
			};
			name = Release;
		};
/* End XCBuildConfiguration section */

/* Begin XCConfigurationList section */
		3CDA7FCA1E327071002F6900 /* Build configuration list for PBXProject "TipCalculator" */ = {
			isa = XCConfigurationList;
			buildConfigurations = (
				3CDA7FE41E327071002F6900 /* Debug */,
				3CDA7FE51E327071002F6900 /* Release */,
			);
			defaultConfigurationIsVisible = 0;
			defaultConfigurationName = Release;
		};
		3CDA7FE61E327071002F6900 /* Build configuration list for PBXNativeTarget "TipCalculator" */ = {
			isa = XCConfigurationList;
			buildConfigurations = (
				3CDA7FE71E327071002F6900 /* Debug */,
				3CDA7FE81E327071002F6900 /* Release */,
			);
			defaultConfigurationIsVisible = 0;
		};
/* End XCConfigurationList section */
	};
	rootObject = 3CDA7FC71E327071002F6900 /* Project object */;
}
